
Microsoft Visual Studio Solution File, Format Version 12.00
# Visual Studio Version 17
VisualStudioVersion = 17.5.33516.290
MinimumVisualStudioVersion = 10.0.40219.1
Project("{FAE04EC0-301F-11D3-BF4B-00C04F79EFBC}") = "UnmatchedWeb1", "UnmatchedWeb1\UnmatchedWeb1.csproj", "{207F38FC-5629-48D4-A0DF-769D9BB09B98}"
EndProject
Global
	GlobalSection(SolutionConfigurationPlatforms) = preSolution
		Debug|Any CPU = Debug|Any CPU
		Release|Any CPU = Release|Any CPU
	EndGlobalSection
	GlobalSection(ProjectConfigurationPlatforms) = postSolution
		{207F38FC-5629-48D4-A0DF-769D9BB09B98}.Debug|Any CPU.ActiveCfg = Debug|Any CPU
		{207F38FC-5629-48D4-A0DF-769D9BB09B98}.Debug|Any CPU.Build.0 = Debug|Any CPU
		{207F38FC-5629-48D4-A0DF-769D9BB09B98}.Release|Any CPU.ActiveCfg = Release|Any CPU
		{207F38FC-5629-48D4-A0DF-769D9BB09B98}.Release|Any CPU.Build.0 = Release|Any CPU
	EndGlobalSection
	GlobalSection(SolutionProperties) = preSolution
		HideSolutionNode = FALSE
	EndGlobalSection
	GlobalSection(ExtensibilityGlobals) = postSolution
		SolutionGuid = {B3A616C4-C2A0-49C0-8A22-E6F7A6CBF22B}
	EndGlobalSection
EndGlobal
